
Microsoft Visual Studio Solution File, Format Version 12.00
# Visual Studio Version 17
VisualStudioVersion = 17.6.33815.320
MinimumVisualStudioVersion = 10.0.40219.1
Project("{FAE04EC0-301F-11D3-BF4B-00C04F79EFBC}") = "FinanceApp", "FinanceApp\FinanceApp.csproj", "{5D98FC19-5EED-4718-86F9-469857862713}"
EndProject
Global
	GlobalSection(SolutionConfigurationPlatforms) = preSolution
		Debug|Any CPU = Debug|Any CPU
		Release|Any CPU = Release|Any CPU
	EndGlobalSection
	GlobalSection(ProjectConfigurationPlatforms) = postSolution
		{5D98FC19-5EED-4718-86F9-469857862713}.Debug|Any CPU.ActiveCfg = Debug|Any CPU
		{5D98FC19-5EED-4718-86F9-469857862713}.Debug|Any CPU.Build.0 = Debug|Any CPU
		{5D98FC19-5EED-4718-86F9-469857862713}.Release|Any CPU.ActiveCfg = Release|Any CPU
		{5D98FC19-5EED-4718-86F9-469857862713}.Release|Any CPU.Build.0 = Release|Any CPU
	EndGlobalSection
	GlobalSection(SolutionProperties) = preSolution
		HideSolutionNode = FALSE
	EndGlobalSection
	GlobalSection(ExtensibilityGlobals) = postSolution
		SolutionGuid = {9BCD361A-B08F-443E-947B-BF570F399865}
	EndGlobalSection
EndGlobal
